
Microsoft Visual Studio Solution File, Format Version 11.00
# Visual Studio 2010
Project("{8BC9CEB8-8B4A-11D0-8D11-00A0C91BC942}") = "GuiTest", "GuiTest.vcxproj", "{809DDCCA-A248-4F80-AF8A-9569E405019C}"
EndProject
Global
	GlobalSection(SolutionConfigurationPlatforms) = preSolution
		Debug|Win32 = Debug|Win32
		Release|Win32 = Release|Win32
	EndGlobalSection
	GlobalSection(ProjectConfigurationPlatforms) = postSolution
		{809DDCCA-A248-4F80-AF8A-9569E405019C}.Debug|Win32.ActiveCfg = Debug|Win32
		{809DDCCA-A248-4F80-AF8A-9569E405019C}.Debug|Win32.Build.0 = Debug|Win32
		{809DDCCA-A248-4F80-AF8A-9569E405019C}.Release|Win32.ActiveCfg = Release|Win32
		{809DDCCA-A248-4F80-AF8A-9569E405019C}.Release|Win32.Build.0 = Release|Win32
	EndGlobalSection
	GlobalSection(SolutionProperties) = preSolution
		HideSolutionNode = FALSE
	EndGlobalSection
EndGlobal
